
Microsoft Visual Studio Solution File, Format Version 12.00
Project("{2150E333-8FDC-42A3-9474-1A3956D46DE8}") = "_Docs", "_Docs", "{EE8DACFC-9042-4CC9-B712-984B2C19CEC1}"
	ProjectSection(SolutionItems) = preProject
		readme.md = readme.md
	EndProjectSection
EndProject
Project("{FAE04EC0-301F-11D3-BF4B-00C04F79EFBC}") = "ObjectModelDocGenerator", "ObjectModelDocGenerator\ObjectModelDocGenerator.csproj", "{FC3CE26E-792B-4D0F-86CD-AF87711B7EA0}"
EndProject
Project("{2150E333-8FDC-42A3-9474-1A3956D46DE8}") = "_ReferencedProjects", "_ReferencedProjects", "{AC60A927-90DB-4A84-8105-B5F2D56C9FAE}"
EndProject
Project("{FAE04EC0-301F-11D3-BF4B-00C04F79EFBC}") = "Swagabond.ObjectModelV1", "..\..\src\Swagabond.ObjectModelV1\Swagabond.ObjectModelV1.csproj", "{E7DA2D8A-046C-43FE-B9BC-2C8BD79BFF54}"
EndProject
Project("{FAE04EC0-301F-11D3-BF4B-00C04F79EFBC}") = "Swagabond.Templates", "..\..\src\Swagabond.Templates\Swagabond.Templates.csproj", "{FBD9491D-F410-4DA1-AC15-EE761583EE1A}"
EndProject
Global
	GlobalSection(SolutionConfigurationPlatforms) = preSolution
		Debug|Any CPU = Debug|Any CPU
		Release|Any CPU = Release|Any CPU
	EndGlobalSection
	GlobalSection(ProjectConfigurationPlatforms) = postSolution
		{FC3CE26E-792B-4D0F-86CD-AF87711B7EA0}.Debug|Any CPU.ActiveCfg = Debug|Any CPU
		{FC3CE26E-792B-4D0F-86CD-AF87711B7EA0}.Debug|Any CPU.Build.0 = Debug|Any CPU
		{FC3CE26E-792B-4D0F-86CD-AF87711B7EA0}.Release|Any CPU.ActiveCfg = Release|Any CPU
		{FC3CE26E-792B-4D0F-86CD-AF87711B7EA0}.Release|Any CPU.Build.0 = Release|Any CPU
		{E7DA2D8A-046C-43FE-B9BC-2C8BD79BFF54}.Debug|Any CPU.ActiveCfg = Debug|Any CPU
		{E7DA2D8A-046C-43FE-B9BC-2C8BD79BFF54}.Debug|Any CPU.Build.0 = Debug|Any CPU
		{E7DA2D8A-046C-43FE-B9BC-2C8BD79BFF54}.Release|Any CPU.ActiveCfg = Release|Any CPU
		{E7DA2D8A-046C-43FE-B9BC-2C8BD79BFF54}.Release|Any CPU.Build.0 = Release|Any CPU
		{FBD9491D-F410-4DA1-AC15-EE761583EE1A}.Debug|Any CPU.ActiveCfg = Debug|Any CPU
		{FBD9491D-F410-4DA1-AC15-EE761583EE1A}.Debug|Any CPU.Build.0 = Debug|Any CPU
		{FBD9491D-F410-4DA1-AC15-EE761583EE1A}.Release|Any CPU.ActiveCfg = Release|Any CPU
		{FBD9491D-F410-4DA1-AC15-EE761583EE1A}.Release|Any CPU.Build.0 = Release|Any CPU
	EndGlobalSection
	GlobalSection(NestedProjects) = preSolution
		{E7DA2D8A-046C-43FE-B9BC-2C8BD79BFF54} = {AC60A927-90DB-4A84-8105-B5F2D56C9FAE}
		{FBD9491D-F410-4DA1-AC15-EE761583EE1A} = {AC60A927-90DB-4A84-8105-B5F2D56C9FAE}
	EndGlobalSection
EndGlobal
